
Microsoft Visual Studio Solution File, Format Version 12.00
# Visual Studio 2015
Project("{FAE04EC0-301F-11D3-BF4B-00C04F79EFBC}") = "GGJ Cacophony.CSharp.Plugins", "GGJ Cacophony.CSharp.Plugins.csproj", "{64F16CD8-29CD-0304-5D08-6C28FC6B2CDE}"
EndProject
Project("{FAE04EC0-301F-11D3-BF4B-00C04F79EFBC}") = "GGJ Cacophony.CSharp", "GGJ Cacophony.CSharp.csproj", "{08B4BD3E-E00A-2333-CAEE-8C71490017C1}"
EndProject
Project("{FAE04EC0-301F-11D3-BF4B-00C04F79EFBC}") = "GGJ Cacophony.CSharp.Editor.Plugins", "GGJ Cacophony.CSharp.Editor.Plugins.csproj", "{027DB15C-3AA6-4955-2BF9-55ABCA0C4CE5}"
EndProject
Project("{FAE04EC0-301F-11D3-BF4B-00C04F79EFBC}") = "GGJ Cacophony.CSharp.Editor", "GGJ Cacophony.CSharp.Editor.csproj", "{62D80DDA-D432-36B9-7DF0-A07F2B3787D4}"
EndProject
Global
	GlobalSection(SolutionConfigurationPlatforms) = preSolution
		Debug|Any CPU = Debug|Any CPU
		Release|Any CPU = Release|Any CPU
	EndGlobalSection
	GlobalSection(ProjectConfigurationPlatforms) = postSolution
		{64F16CD8-29CD-0304-5D08-6C28FC6B2CDE}.Debug|Any CPU.ActiveCfg = Debug|Any CPU
		{64F16CD8-29CD-0304-5D08-6C28FC6B2CDE}.Debug|Any CPU.Build.0 = Debug|Any CPU
		{64F16CD8-29CD-0304-5D08-6C28FC6B2CDE}.Release|Any CPU.ActiveCfg = Release|Any CPU
		{64F16CD8-29CD-0304-5D08-6C28FC6B2CDE}.Release|Any CPU.Build.0 = Release|Any CPU
		{08B4BD3E-E00A-2333-CAEE-8C71490017C1}.Debug|Any CPU.ActiveCfg = Debug|Any CPU
		{08B4BD3E-E00A-2333-CAEE-8C71490017C1}.Debug|Any CPU.Build.0 = Debug|Any CPU
		{08B4BD3E-E00A-2333-CAEE-8C71490017C1}.Release|Any CPU.ActiveCfg = Release|Any CPU
		{08B4BD3E-E00A-2333-CAEE-8C71490017C1}.Release|Any CPU.Build.0 = Release|Any CPU
		{027DB15C-3AA6-4955-2BF9-55ABCA0C4CE5}.Debug|Any CPU.ActiveCfg = Debug|Any CPU
		{027DB15C-3AA6-4955-2BF9-55ABCA0C4CE5}.Debug|Any CPU.Build.0 = Debug|Any CPU
		{027DB15C-3AA6-4955-2BF9-55ABCA0C4CE5}.Release|Any CPU.ActiveCfg = Release|Any CPU
		{027DB15C-3AA6-4955-2BF9-55ABCA0C4CE5}.Release|Any CPU.Build.0 = Release|Any CPU
		{62D80DDA-D432-36B9-7DF0-A07F2B3787D4}.Debug|Any CPU.ActiveCfg = Debug|Any CPU
		{62D80DDA-D432-36B9-7DF0-A07F2B3787D4}.Debug|Any CPU.Build.0 = Debug|Any CPU
		{62D80DDA-D432-36B9-7DF0-A07F2B3787D4}.Release|Any CPU.ActiveCfg = Release|Any CPU
		{62D80DDA-D432-36B9-7DF0-A07F2B3787D4}.Release|Any CPU.Build.0 = Release|Any CPU
	EndGlobalSection
	GlobalSection(SolutionProperties) = preSolution
		HideSolutionNode = FALSE
	EndGlobalSection
EndGlobal
